// !$*UTF8*$!
{
	archiveVersion = 1;
	classes = {
	};
	objectVersion = 56;
	objects = {

/* Begin PBXBuildFile section */
		63326A9D2BA323AE00A289DA /* CustomTextField.swift in Sources */ = {isa = PBXBuildFile; fileRef = 63326A9C2BA323AE00A289DA /* CustomTextField.swift */; };
		633633A82BAF11B0008BE50D /* CustomLabel.swift in Sources */ = {isa = PBXBuildFile; fileRef = 633633A72BAF11B0008BE50D /* CustomLabel.swift */; };
		637CE6DF2B9B36DC00077953 /* GFTabViewController.swift in Sources */ = {isa = PBXBuildFile; fileRef = 637CE6DE2B9B36DC00077953 /* GFTabViewController.swift */; };
		637CE6E32B9B377E00077953 /* SearchVC.swift in Sources */ = {isa = PBXBuildFile; fileRef = 637CE6E22B9B377E00077953 /* SearchVC.swift */; };
		637CE6E52B9B37A400077953 /* FavoriteListVC.swift in Sources */ = {isa = PBXBuildFile; fileRef = 637CE6E42B9B37A400077953 /* FavoriteListVC.swift */; };
		63CA0DC12B99EA2C00A5285A /* CustomButton.swift in Sources */ = {isa = PBXBuildFile; fileRef = 63CA0DC02B99EA2C00A5285A /* CustomButton.swift */; };
		63DBC94F2B9605EB002D97C4 /* AppDelegate.swift in Sources */ = {isa = PBXBuildFile; fileRef = 63DBC94E2B9605EB002D97C4 /* AppDelegate.swift */; };
		63DBC9512B9605EB002D97C4 /* SceneDelegate.swift in Sources */ = {isa = PBXBuildFile; fileRef = 63DBC9502B9605EB002D97C4 /* SceneDelegate.swift */; };
		63DBC9582B9605EB002D97C4 /* Assets.xcassets in Resources */ = {isa = PBXBuildFile; fileRef = 63DBC9572B9605EB002D97C4 /* Assets.xcassets */; };
		63DBC95B2B9605EB002D97C4 /* LaunchScreen.storyboard in Resources */ = {isa = PBXBuildFile; fileRef = 63DBC9592B9605EB002D97C4 /* LaunchScreen.storyboard */; };
		63DBC9662B9605EC002D97C4 /* GitHubFollowersTests.swift in Sources */ = {isa = PBXBuildFile; fileRef = 63DBC9652B9605EC002D97C4 /* GitHubFollowersTests.swift */; };
		63DBC9702B9605EC002D97C4 /* GitHubFollowersUITests.swift in Sources */ = {isa = PBXBuildFile; fileRef = 63DBC96F2B9605EC002D97C4 /* GitHubFollowersUITests.swift */; };
		63DBC9722B9605EC002D97C4 /* GitHubFollowersUITestsLaunchTests.swift in Sources */ = {isa = PBXBuildFile; fileRef = 63DBC9712B9605EC002D97C4 /* GitHubFollowersUITestsLaunchTests.swift */; };
		63EB9F0E2B985BCD00A8D8B7 /* String+Extension.swift in Sources */ = {isa = PBXBuildFile; fileRef = 63EB9F0D2B985BCD00A8D8B7 /* String+Extension.swift */; };
		63F0867D2B975FF40083780D /* UIView+Extension.swift in Sources */ = {isa = PBXBuildFile; fileRef = 63F0867C2B975FF40083780D /* UIView+Extension.swift */; };
		63FA7FD12BAC81260055D781 /* FollowerListVC.swift in Sources */ = {isa = PBXBuildFile; fileRef = 63FA7FD02BAC81260055D781 /* FollowerListVC.swift */; };
/* End PBXBuildFile section */

/* Begin PBXContainerItemProxy section */
		63DBC9622B9605EC002D97C4 /* PBXContainerItemProxy */ = {
			isa = PBXContainerItemProxy;
			containerPortal = 63DBC9432B9605EA002D97C4 /* Project object */;
			proxyType = 1;
			remoteGlobalIDString = 63DBC94A2B9605EB002D97C4;
			remoteInfo = GitHubFollowers;
		};
		63DBC96C2B9605EC002D97C4 /* PBXContainerItemProxy */ = {
			isa = PBXContainerItemProxy;
			containerPortal = 63DBC9432B9605EA002D97C4 /* Project object */;
			proxyType = 1;
			remoteGlobalIDString = 63DBC94A2B9605EB002D97C4;
			remoteInfo = GitHubFollowers;
		};
/* End PBXContainerItemProxy section */

/* Begin PBXFileReference section */
		63326A9C2BA323AE00A289DA /* CustomTextField.swift */ = {isa = PBXFileReference; lastKnownFileType = sourcecode.swift; path = CustomTextField.swift; sourceTree = "<group>"; };
		633633A72BAF11B0008BE50D /* CustomLabel.swift */ = {isa = PBXFileReference; lastKnownFileType = sourcecode.swift; path = CustomLabel.swift; sourceTree = "<group>"; };
		637CE6DE2B9B36DC00077953 /* GFTabViewController.swift */ = {isa = PBXFileReference; lastKnownFileType = sourcecode.swift; path = GFTabViewController.swift; sourceTree = "<group>"; };
		637CE6E22B9B377E00077953 /* SearchVC.swift */ = {isa = PBXFileReference; lastKnownFileType = sourcecode.swift; path = SearchVC.swift; sourceTree = "<group>"; };
		637CE6E42B9B37A400077953 /* FavoriteListVC.swift */ = {isa = PBXFileReference; lastKnownFileType = sourcecode.swift; path = FavoriteListVC.swift; sourceTree = "<group>"; };
		63CA0DC02B99EA2C00A5285A /* CustomButton.swift */ = {isa = PBXFileReference; lastKnownFileType = sourcecode.swift; path = CustomButton.swift; sourceTree = "<group>"; };
		63DBC94B2B9605EB002D97C4 /* GitHubFollowers.app */ = {isa = PBXFileReference; explicitFileType = wrapper.application; includeInIndex = 0; path = GitHubFollowers.app; sourceTree = BUILT_PRODUCTS_DIR; };
		63DBC94E2B9605EB002D97C4 /* AppDelegate.swift */ = {isa = PBXFileReference; lastKnownFileType = sourcecode.swift; path = AppDelegate.swift; sourceTree = "<group>"; };
		63DBC9502B9605EB002D97C4 /* SceneDelegate.swift */ = {isa = PBXFileReference; lastKnownFileType = sourcecode.swift; path = SceneDelegate.swift; sourceTree = "<group>"; };
		63DBC9572B9605EB002D97C4 /* Assets.xcassets */ = {isa = PBXFileReference; lastKnownFileType = folder.assetcatalog; path = Assets.xcassets; sourceTree = "<group>"; };
		63DBC95A2B9605EB002D97C4 /* Base */ = {isa = PBXFileReference; lastKnownFileType = file.storyboard; name = Base; path = Base.lproj/LaunchScreen.storyboard; sourceTree = "<group>"; };
		63DBC95C2B9605EB002D97C4 /* Info.plist */ = {isa = PBXFileReference; lastKnownFileType = text.plist.xml; path = Info.plist; sourceTree = "<group>"; };
		63DBC9612B9605EC002D97C4 /* GitHubFollowersTests.xctest */ = {isa = PBXFileReference; explicitFileType = wrapper.cfbundle; includeInIndex = 0; path = GitHubFollowersTests.xctest; sourceTree = BUILT_PRODUCTS_DIR; };
		63DBC9652B9605EC002D97C4 /* GitHubFollowersTests.swift */ = {isa = PBXFileReference; lastKnownFileType = sourcecode.swift; path = GitHubFollowersTests.swift; sourceTree = "<group>"; };
		63DBC96B2B9605EC002D97C4 /* GitHubFollowersUITests.xctest */ = {isa = PBXFileReference; explicitFileType = wrapper.cfbundle; includeInIndex = 0; path = GitHubFollowersUITests.xctest; sourceTree = BUILT_PRODUCTS_DIR; };
		63DBC96F2B9605EC002D97C4 /* GitHubFollowersUITests.swift */ = {isa = PBXFileReference; lastKnownFileType = sourcecode.swift; path = GitHubFollowersUITests.swift; sourceTree = "<group>"; };
		63DBC9712B9605EC002D97C4 /* GitHubFollowersUITestsLaunchTests.swift */ = {isa = PBXFileReference; lastKnownFileType = sourcecode.swift; path = GitHubFollowersUITestsLaunchTests.swift; sourceTree = "<group>"; };
		63EB9F0D2B985BCD00A8D8B7 /* String+Extension.swift */ = {isa = PBXFileReference; lastKnownFileType = sourcecode.swift; path = "String+Extension.swift"; sourceTree = "<group>"; };
		63F0867C2B975FF40083780D /* UIView+Extension.swift */ = {isa = PBXFileReference; lastKnownFileType = sourcecode.swift; path = "UIView+Extension.swift"; sourceTree = "<group>"; };
		63FA7FD02BAC81260055D781 /* FollowerListVC.swift */ = {isa = PBXFileReference; lastKnownFileType = sourcecode.swift; path = FollowerListVC.swift; sourceTree = "<group>"; };
/* End PBXFileReference section */

/* Begin PBXFrameworksBuildPhase section */
		63DBC9482B9605EB002D97C4 /* Frameworks */ = {
			isa = PBXFrameworksBuildPhase;
			buildActionMask = 2147483647;
			files = (
			);
			runOnlyForDeploymentPostprocessing = 0;
		};
		63DBC95E2B9605EC002D97C4 /* Frameworks */ = {
			isa = PBXFrameworksBuildPhase;
			buildActionMask = 2147483647;
			files = (
			);
			runOnlyForDeploymentPostprocessing = 0;
		};
		63DBC9682B9605EC002D97C4 /* Frameworks */ = {
			isa = PBXFrameworksBuildPhase;
			buildActionMask = 2147483647;
			files = (
			);
			runOnlyForDeploymentPostprocessing = 0;
		};
/* End PBXFrameworksBuildPhase section */

/* Begin PBXGroup section */
		637CE6DD2B9B369B00077953 /* Resource */ = {
			isa = PBXGroup;
			children = (
				63DBC94E2B9605EB002D97C4 /* AppDelegate.swift */,
				63DBC9502B9605EB002D97C4 /* SceneDelegate.swift */,
				63DBC9592B9605EB002D97C4 /* LaunchScreen.storyboard */,
				63DBC9572B9605EB002D97C4 /* Assets.xcassets */,
			);
			name = Resource;
			sourceTree = "<group>";
		};
		63CA0DBD2B99E9BA00A5285A /* Custom Views */ = {
			isa = PBXGroup;
			children = (
				63CA0DC02B99EA2C00A5285A /* CustomButton.swift */,
				63326A9C2BA323AE00A289DA /* CustomTextField.swift */,
				633633A72BAF11B0008BE50D /* CustomLabel.swift */,
			);
			path = "Custom Views";
			sourceTree = "<group>";
		};
		63DBC9422B9605EA002D97C4 = {
			isa = PBXGroup;
			children = (
				63DBC94D2B9605EB002D97C4 /* GitHubFollowers */,
				63DBC9642B9605EC002D97C4 /* GitHubFollowersTests */,
				63DBC96E2B9605EC002D97C4 /* GitHubFollowersUITests */,
				63DBC94C2B9605EB002D97C4 /* Products */,
			);
			sourceTree = "<group>";
		};
		63DBC94C2B9605EB002D97C4 /* Products */ = {
			isa = PBXGroup;
			children = (
				63DBC94B2B9605EB002D97C4 /* GitHubFollowers.app */,
				63DBC9612B9605EC002D97C4 /* GitHubFollowersTests.xctest */,
				63DBC96B2B9605EC002D97C4 /* GitHubFollowersUITests.xctest */,
			);
			name = Products;
			sourceTree = "<group>";
		};
		63DBC94D2B9605EB002D97C4 /* GitHubFollowers */ = {
			isa = PBXGroup;
			children = (
				637CE6DD2B9B369B00077953 /* Resource */,
				63CA0DBD2B99E9BA00A5285A /* Custom Views */,
				63F0867B2B975FB70083780D /* Extension + UIView */,
				63F0867A2B975F760083780D /* Core */,
				63DBC95C2B9605EB002D97C4 /* Info.plist */,
			);
			path = GitHubFollowers;
			sourceTree = "<group>";
		};
		63DBC9642B9605EC002D97C4 /* GitHubFollowersTests */ = {
			isa = PBXGroup;
			children = (
				63DBC9652B9605EC002D97C4 /* GitHubFollowersTests.swift */,
			);
			path = GitHubFollowersTests;
			sourceTree = "<group>";
		};
		63DBC96E2B9605EC002D97C4 /* GitHubFollowersUITests */ = {
			isa = PBXGroup;
			children = (
				63DBC96F2B9605EC002D97C4 /* GitHubFollowersUITests.swift */,
				63DBC9712B9605EC002D97C4 /* GitHubFollowersUITestsLaunchTests.swift */,
			);
			path = GitHubFollowersUITests;
			sourceTree = "<group>";
		};
		63F0867A2B975F760083780D /* Core */ = {
			isa = PBXGroup;
			children = (
				637CE6DE2B9B36DC00077953 /* GFTabViewController.swift */,
				637CE6E22B9B377E00077953 /* SearchVC.swift */,
				637CE6E42B9B37A400077953 /* FavoriteListVC.swift */,
				63FA7FD02BAC81260055D781 /* FollowerListVC.swift */,
			);
			path = Core;
			sourceTree = "<group>";
		};
		63F0867B2B975FB70083780D /* Extension + UIView */ = {
			isa = PBXGroup;
			children = (
				63F0867C2B975FF40083780D /* UIView+Extension.swift */,
				63EB9F0D2B985BCD00A8D8B7 /* String+Extension.swift */,
			);
			path = "Extension + UIView";
			sourceTree = "<group>";
		};
/* End PBXGroup section */

/* Begin PBXNativeTarget section */
		63DBC94A2B9605EB002D97C4 /* GitHubFollowers */ = {
			isa = PBXNativeTarget;
			buildConfigurationList = 63DBC9752B9605EC002D97C4 /* Build configuration list for PBXNativeTarget "GitHubFollowers" */;
			buildPhases = (
				63DBC9472B9605EB002D97C4 /* Sources */,
				63DBC9482B9605EB002D97C4 /* Frameworks */,
				63DBC9492B9605EB002D97C4 /* Resources */,
			);
			buildRules = (
			);
			dependencies = (
			);
			name = GitHubFollowers;
			productName = GitHubFollowers;
			productReference = 63DBC94B2B9605EB002D97C4 /* GitHubFollowers.app */;
			productType = "com.apple.product-type.application";
		};
		63DBC9602B9605EC002D97C4 /* GitHubFollowersTests */ = {
			isa = PBXNativeTarget;
			buildConfigurationList = 63DBC9782B9605EC002D97C4 /* Build configuration list for PBXNativeTarget "GitHubFollowersTests" */;
			buildPhases = (
				63DBC95D2B9605EC002D97C4 /* Sources */,
				63DBC95E2B9605EC002D97C4 /* Frameworks */,
				63DBC95F2B9605EC002D97C4 /* Resources */,
			);
			buildRules = (
			);
			dependencies = (
				63DBC9632B9605EC002D97C4 /* PBXTargetDependency */,
			);
			name = GitHubFollowersTests;
			productName = GitHubFollowersTests;
			productReference = 63DBC9612B9605EC002D97C4 /* GitHubFollowersTests.xctest */;
			productType = "com.apple.product-type.bundle.unit-test";
		};
		63DBC96A2B9605EC002D97C4 /* GitHubFollowersUITests */ = {
			isa = PBXNativeTarget;
			buildConfigurationList = 63DBC97B2B9605EC002D97C4 /* Build configuration list for PBXNativeTarget "GitHubFollowersUITests" */;
			buildPhases = (
				63DBC9672B9605EC002D97C4 /* Sources */,
				63DBC9682B9605EC002D97C4 /* Frameworks */,
				63DBC9692B9605EC002D97C4 /* Resources */,
			);
			buildRules = (
			);
			dependencies = (
				63DBC96D2B9605EC002D97C4 /* PBXTargetDependency */,
			);
			name = GitHubFollowersUITests;
			productName = GitHubFollowersUITests;
			productReference = 63DBC96B2B9605EC002D97C4 /* GitHubFollowersUITests.xctest */;
			productType = "com.apple.product-type.bundle.ui-testing";
		};
/* End PBXNativeTarget section */

/* Begin PBXProject section */
		63DBC9432B9605EA002D97C4 /* Project object */ = {
			isa = PBXProject;
			attributes = {
				BuildIndependentTargetsInParallel = 1;
				LastSwiftUpdateCheck = 1500;
				LastUpgradeCheck = 1500;
				TargetAttributes = {
					63DBC94A2B9605EB002D97C4 = {
						CreatedOnToolsVersion = 15.0;
					};
					63DBC9602B9605EC002D97C4 = {
						CreatedOnToolsVersion = 15.0;
						TestTargetID = 63DBC94A2B9605EB002D97C4;
					};
					63DBC96A2B9605EC002D97C4 = {
						CreatedOnToolsVersion = 15.0;
						TestTargetID = 63DBC94A2B9605EB002D97C4;
					};
				};
			};
			buildConfigurationList = 63DBC9462B9605EA002D97C4 /* Build configuration list for PBXProject "GitHubFollowers" */;
			compatibilityVersion = "Xcode 14.0";
			developmentRegion = en;
			hasScannedForEncodings = 0;
			knownRegions = (
				en,
				Base,
			);
			mainGroup = 63DBC9422B9605EA002D97C4;
			productRefGroup = 63DBC94C2B9605EB002D97C4 /* Products */;
			projectDirPath = "";
			projectRoot = "";
			targets = (
				63DBC94A2B9605EB002D97C4 /* GitHubFollowers */,
				63DBC9602B9605EC002D97C4 /* GitHubFollowersTests */,
				63DBC96A2B9605EC002D97C4 /* GitHubFollowersUITests */,
			);
		};
/* End PBXProject section */

/* Begin PBXResourcesBuildPhase section */
		63DBC9492B9605EB002D97C4 /* Resources */ = {
			isa = PBXResourcesBuildPhase;
			buildActionMask = 2147483647;
			files = (
				63DBC95B2B9605EB002D97C4 /* LaunchScreen.storyboard in Resources */,
				63DBC9582B9605EB002D97C4 /* Assets.xcassets in Resources */,
			);
			runOnlyForDeploymentPostprocessing = 0;
		};
		63DBC95F2B9605EC002D97C4 /* Resources */ = {
			isa = PBXResourcesBuildPhase;
			buildActionMask = 2147483647;
			files = (
			);
			runOnlyForDeploymentPostprocessing = 0;
		};
		63DBC9692B9605EC002D97C4 /* Resources */ = {
			isa = PBXResourcesBuildPhase;
			buildActionMask = 2147483647;
			files = (
			);
			runOnlyForDeploymentPostprocessing = 0;
		};
/* End PBXResourcesBuildPhase section */

/* Begin PBXSourcesBuildPhase section */
		63DBC9472B9605EB002D97C4 /* Sources */ = {
			isa = PBXSourcesBuildPhase;
			buildActionMask = 2147483647;
			files = (
				63DBC94F2B9605EB002D97C4 /* AppDelegate.swift in Sources */,
				63CA0DC12B99EA2C00A5285A /* CustomButton.swift in Sources */,
				633633A82BAF11B0008BE50D /* CustomLabel.swift in Sources */,
				63FA7FD12BAC81260055D781 /* FollowerListVC.swift in Sources */,
				637CE6DF2B9B36DC00077953 /* GFTabViewController.swift in Sources */,
				637CE6E52B9B37A400077953 /* FavoriteListVC.swift in Sources */,
				63F0867D2B975FF40083780D /* UIView+Extension.swift in Sources */,
				637CE6E32B9B377E00077953 /* SearchVC.swift in Sources */,
				63EB9F0E2B985BCD00A8D8B7 /* String+Extension.swift in Sources */,
				63DBC9512B9605EB002D97C4 /* SceneDelegate.swift in Sources */,
				63326A9D2BA323AE00A289DA /* CustomTextField.swift in Sources */,
			);
			runOnlyForDeploymentPostprocessing = 0;
		};
		63DBC95D2B9605EC002D97C4 /* Sources */ = {
			isa = PBXSourcesBuildPhase;
			buildActionMask = 2147483647;
			files = (
				63DBC9662B9605EC002D97C4 /* GitHubFollowersTests.swift in Sources */,
			);
			runOnlyForDeploymentPostprocessing = 0;
		};
		63DBC9672B9605EC002D97C4 /* Sources */ = {
			isa = PBXSourcesBuildPhase;
			buildActionMask = 2147483647;
			files = (
				63DBC9702B9605EC002D97C4 /* GitHubFollowersUITests.swift in Sources */,
				63DBC9722B9605EC002D97C4 /* GitHubFollowersUITestsLaunchTests.swift in Sources */,
			);
			runOnlyForDeploymentPostprocessing = 0;
		};
/* End PBXSourcesBuildPhase section */

/* Begin PBXTargetDependency section */
		63DBC9632B9605EC002D97C4 /* PBXTargetDependency */ = {
			isa = PBXTargetDependency;
			target = 63DBC94A2B9605EB002D97C4 /* GitHubFollowers */;
			targetProxy = 63DBC9622B9605EC002D97C4 /* PBXContainerItemProxy */;
		};
		63DBC96D2B9605EC002D97C4 /* PBXTargetDependency */ = {
			isa = PBXTargetDependency;
			target = 63DBC94A2B9605EB002D97C4 /* GitHubFollowers */;
			targetProxy = 63DBC96C2B9605EC002D97C4 /* PBXContainerItemProxy */;
		};
/* End PBXTargetDependency section */

/* Begin PBXVariantGroup section */
		63DBC9592B9605EB002D97C4 /* LaunchScreen.storyboard */ = {
			isa = PBXVariantGroup;
			children = (
				63DBC95A2B9605EB002D97C4 /* Base */,
			);
			name = LaunchScreen.storyboard;
			sourceTree = "<group>";
		};
/* End PBXVariantGroup section */

/* Begin XCBuildConfiguration section */
		63DBC9732B9605EC002D97C4 /* Debug */ = {
			isa = XCBuildConfiguration;
			buildSettings = {
				ALWAYS_SEARCH_USER_PATHS = NO;
				ASSETCATALOG_COMPILER_GENERATE_SWIFT_ASSET_SYMBOL_EXTENSIONS = YES;
				CLANG_ANALYZER_NONNULL = YES;
				CLANG_ANALYZER_NUMBER_OBJECT_CONVERSION = YES_AGGRESSIVE;
				CLANG_CXX_LANGUAGE_STANDARD = "gnu++20";
				CLANG_ENABLE_MODULES = YES;
				CLANG_ENABLE_OBJC_ARC = YES;
				CLANG_ENABLE_OBJC_WEAK = YES;
				CLANG_WARN_BLOCK_CAPTURE_AUTORELEASING = YES;
				CLANG_WARN_BOOL_CONVERSION = YES;
				CLANG_WARN_COMMA = YES;
				CLANG_WARN_CONSTANT_CONVERSION = YES;
				CLANG_WARN_DEPRECATED_OBJC_IMPLEMENTATIONS = YES;
				CLANG_WARN_DIRECT_OBJC_ISA_USAGE = YES_ERROR;
				CLANG_WARN_DOCUMENTATION_COMMENTS = YES;
				CLANG_WARN_EMPTY_BODY = YES;
				CLANG_WARN_ENUM_CONVERSION = YES;
				CLANG_WARN_INFINITE_RECURSION = YES;
				CLANG_WARN_INT_CONVERSION = YES;
				CLANG_WARN_NON_LITERAL_NULL_CONVERSION = YES;
				CLANG_WARN_OBJC_IMPLICIT_RETAIN_SELF = YES;
				CLANG_WARN_OBJC_LITERAL_CONVERSION = YES;
				CLANG_WARN_OBJC_ROOT_CLASS = YES_ERROR;
				CLANG_WARN_QUOTED_INCLUDE_IN_FRAMEWORK_HEADER = YES;
				CLANG_WARN_RANGE_LOOP_ANALYSIS = YES;
				CLANG_WARN_STRICT_PROTOTYPES = YES;
				CLANG_WARN_SUSPICIOUS_MOVE = YES;
				CLANG_WARN_UNGUARDED_AVAILABILITY = YES_AGGRESSIVE;
				CLANG_WARN_UNREACHABLE_CODE = YES;
				CLANG_WARN__DUPLICATE_METHOD_MATCH = YES;
				COPY_PHASE_STRIP = NO;
				DEBUG_INFORMATION_FORMAT = dwarf;
				ENABLE_STRICT_OBJC_MSGSEND = YES;
				ENABLE_TESTABILITY = YES;
				ENABLE_USER_SCRIPT_SANDBOXING = YES;
				GCC_C_LANGUAGE_STANDARD = gnu17;
				GCC_DYNAMIC_NO_PIC = NO;
				GCC_NO_COMMON_BLOCKS = YES;
				GCC_OPTIMIZATION_LEVEL = 0;
				GCC_PREPROCESSOR_DEFINITIONS = (
					"DEBUG=1",
					"$(inherited)",
				);
				GCC_WARN_64_TO_32_BIT_CONVERSION = YES;
				GCC_WARN_ABOUT_RETURN_TYPE = YES_ERROR;
				GCC_WARN_UNDECLARED_SELECTOR = YES;
				GCC_WARN_UNINITIALIZED_AUTOS = YES_AGGRESSIVE;
				GCC_WARN_UNUSED_FUNCTION = YES;
				GCC_WARN_UNUSED_VARIABLE = YES;
				IPHONEOS_DEPLOYMENT_TARGET = 17.0;
				LOCALIZATION_PREFERS_STRING_CATALOGS = YES;
				MTL_ENABLE_DEBUG_INFO = INCLUDE_SOURCE;
				MTL_FAST_MATH = YES;
				ONLY_ACTIVE_ARCH = YES;
				SDKROOT = iphoneos;
				SWIFT_ACTIVE_COMPILATION_CONDITIONS = "DEBUG $(inherited)";
				SWIFT_OPTIMIZATION_LEVEL = "-Onone";
			};
			name = Debug;
		};
		63DBC9742B9605EC002D97C4 /* Release */ = {
			isa = XCBuildConfiguration;
			buildSettings = {
				ALWAYS_SEARCH_USER_PATHS = NO;
				ASSETCATALOG_COMPILER_GENERATE_SWIFT_ASSET_SYMBOL_EXTENSIONS = YES;
				CLANG_ANALYZER_NONNULL = YES;
				CLANG_ANALYZER_NUMBER_OBJECT_CONVERSION = YES_AGGRESSIVE;
				CLANG_CXX_LANGUAGE_STANDARD = "gnu++20";
				CLANG_ENABLE_MODULES = YES;
				CLANG_ENABLE_OBJC_ARC = YES;
				CLANG_ENABLE_OBJC_WEAK = YES;
				CLANG_WARN_BLOCK_CAPTURE_AUTORELEASING = YES;
				CLANG_WARN_BOOL_CONVERSION = YES;
				CLANG_WARN_COMMA = YES;
				CLANG_WARN_CONSTANT_CONVERSION = YES;
				CLANG_WARN_DEPRECATED_OBJC_IMPLEMENTATIONS = YES;
				CLANG_WARN_DIRECT_OBJC_ISA_USAGE = YES_ERROR;
				CLANG_WARN_DOCUMENTATION_COMMENTS = YES;
				CLANG_WARN_EMPTY_BODY = YES;
				CLANG_WARN_ENUM_CONVERSION = YES;
				CLANG_WARN_INFINITE_RECURSION = YES;
				CLANG_WARN_INT_CONVERSION = YES;
				CLANG_WARN_NON_LITERAL_NULL_CONVERSION = YES;
				CLANG_WARN_OBJC_IMPLICIT_RETAIN_SELF = YES;
				CLANG_WARN_OBJC_LITERAL_CONVERSION = YES;
				CLANG_WARN_OBJC_ROOT_CLASS = YES_ERROR;
				CLANG_WARN_QUOTED_INCLUDE_IN_FRAMEWORK_HEADER = YES;
				CLANG_WARN_RANGE_LOOP_ANALYSIS = YES;
				CLANG_WARN_STRICT_PROTOTYPES = YES;
				CLANG_WARN_SUSPICIOUS_MOVE = YES;
				CLANG_WARN_UNGUARDED_AVAILABILITY = YES_AGGRESSIVE;
				CLANG_WARN_UNREACHABLE_CODE = YES;
				CLANG_WARN__DUPLICATE_METHOD_MATCH = YES;
				COPY_PHASE_STRIP = NO;
				DEBUG_INFORMATION_FORMAT = "dwarf-with-dsym";
				ENABLE_NS_ASSERTIONS = NO;
				ENABLE_STRICT_OBJC_MSGSEND = YES;
				ENABLE_USER_SCRIPT_SANDBOXING = YES;
				GCC_C_LANGUAGE_STANDARD = gnu17;
				GCC_NO_COMMON_BLOCKS = YES;
				GCC_WARN_64_TO_32_BIT_CONVERSION = YES;
				GCC_WARN_ABOUT_RETURN_TYPE = YES_ERROR;
				GCC_WARN_UNDECLARED_SELECTOR = YES;
				GCC_WARN_UNINITIALIZED_AUTOS = YES_AGGRESSIVE;
				GCC_WARN_UNUSED_FUNCTION = YES;
				GCC_WARN_UNUSED_VARIABLE = YES;
				IPHONEOS_DEPLOYMENT_TARGET = 17.0;
				LOCALIZATION_PREFERS_STRING_CATALOGS = YES;
				MTL_ENABLE_DEBUG_INFO = NO;
				MTL_FAST_MATH = YES;
				SDKROOT = iphoneos;
				SWIFT_COMPILATION_MODE = wholemodule;
				VALIDATE_PRODUCT = YES;
			};
			name = Release;
		};
		63DBC9762B9605EC002D97C4 /* Debug */ = {
			isa = XCBuildConfiguration;
			buildSettings = {
				ASSETCATALOG_COMPILER_APPICON_NAME = AppIcon;
				ASSETCATALOG_COMPILER_GLOBAL_ACCENT_COLOR_NAME = AccentColor;
				CODE_SIGN_STYLE = Automatic;
				CURRENT_PROJECT_VERSION = 1;
				DEVELOPMENT_TEAM = B34M97ZY6W;
				GENERATE_INFOPLIST_FILE = YES;
				INFOPLIST_FILE = GitHubFollowers/Info.plist;
				INFOPLIST_KEY_UIApplicationSupportsIndirectInputEvents = YES;
				INFOPLIST_KEY_UILaunchStoryboardName = LaunchScreen;
				INFOPLIST_KEY_UISupportedInterfaceOrientations_iPad = "UIInterfaceOrientationPortrait UIInterfaceOrientationPortraitUpsideDown UIInterfaceOrientationLandscapeLeft UIInterfaceOrientationLandscapeRight";
				INFOPLIST_KEY_UISupportedInterfaceOrientations_iPhone = "UIInterfaceOrientationPortrait UIInterfaceOrientationLandscapeLeft UIInterfaceOrientationLandscapeRight";
				IPHONEOS_DEPLOYMENT_TARGET = 15.0;
				LD_RUNPATH_SEARCH_PATHS = (
					"$(inherited)",
					"@executable_path/Frameworks",
				);
				MARKETING_VERSION = 1.0;
				PRODUCT_BUNDLE_IDENTIFIER = foranewlife.GitHubFollowers;
				PRODUCT_NAME = "$(TARGET_NAME)";
				SWIFT_EMIT_LOC_STRINGS = YES;
				SWIFT_VERSION = 5.0;
				TARGETED_DEVICE_FAMILY = "1,2";
			};
			name = Debug;
		};
		63DBC9772B9605EC002D97C4 /* Release */ = {
			isa = XCBuildConfiguration;
			buildSettings = {
				ASSETCATALOG_COMPILER_APPICON_NAME = AppIcon;
				ASSETCATALOG_COMPILER_GLOBAL_ACCENT_COLOR_NAME = AccentColor;
				CODE_SIGN_STYLE = Automatic;
				CURRENT_PROJECT_VERSION = 1;
				DEVELOPMENT_TEAM = B34M97ZY6W;
				GENERATE_INFOPLIST_FILE = YES;
				INFOPLIST_FILE = GitHubFollowers/Info.plist;
				INFOPLIST_KEY_UIApplicationSupportsIndirectInputEvents = YES;
				INFOPLIST_KEY_UILaunchStoryboardName = LaunchScreen;
				INFOPLIST_KEY_UISupportedInterfaceOrientations_iPad = "UIInterfaceOrientationPortrait UIInterfaceOrientationPortraitUpsideDown UIInterfaceOrientationLandscapeLeft UIInterfaceOrientationLandscapeRight";
				INFOPLIST_KEY_UISupportedInterfaceOrientations_iPhone = "UIInterfaceOrientationPortrait UIInterfaceOrientationLandscapeLeft UIInterfaceOrientationLandscapeRight";
				IPHONEOS_DEPLOYMENT_TARGET = 15.0;
				LD_RUNPATH_SEARCH_PATHS = (
					"$(inherited)",
					"@executable_path/Frameworks",
				);
				MARKETING_VERSION = 1.0;
				PRODUCT_BUNDLE_IDENTIFIER = foranewlife.GitHubFollowers;
				PRODUCT_NAME = "$(TARGET_NAME)";
				SWIFT_EMIT_LOC_STRINGS = YES;
				SWIFT_VERSION = 5.0;
				TARGETED_DEVICE_FAMILY = "1,2";
			};
			name = Release;
		};
		63DBC9792B9605EC002D97C4 /* Debug */ = {
			isa = XCBuildConfiguration;
			buildSettings = {
				ALWAYS_EMBED_SWIFT_STANDARD_LIBRARIES = YES;
				BUNDLE_LOADER = "$(TEST_HOST)";
				CODE_SIGN_STYLE = Automatic;
				CURRENT_PROJECT_VERSION = 1;
				DEVELOPMENT_TEAM = B34M97ZY6W;
				GENERATE_INFOPLIST_FILE = YES;
				IPHONEOS_DEPLOYMENT_TARGET = 17.0;
				MARKETING_VERSION = 1.0;
				PRODUCT_BUNDLE_IDENTIFIER = foranewlife.GitHubFollowersTests;
				PRODUCT_NAME = "$(TARGET_NAME)";
				SWIFT_EMIT_LOC_STRINGS = NO;
				SWIFT_VERSION = 5.0;
				TARGETED_DEVICE_FAMILY = "1,2";
				TEST_HOST = "$(BUILT_PRODUCTS_DIR)/GitHubFollowers.app/$(BUNDLE_EXECUTABLE_FOLDER_PATH)/GitHubFollowers";
			};
			name = Debug;
		};
		63DBC97A2B9605EC002D97C4 /* Release */ = {
			isa = XCBuildConfiguration;
			buildSettings = {
				ALWAYS_EMBED_SWIFT_STANDARD_LIBRARIES = YES;
				BUNDLE_LOADER = "$(TEST_HOST)";
				CODE_SIGN_STYLE = Automatic;
				CURRENT_PROJECT_VERSION = 1;
				DEVELOPMENT_TEAM = B34M97ZY6W;
				GENERATE_INFOPLIST_FILE = YES;
				IPHONEOS_DEPLOYMENT_TARGET = 17.0;
				MARKETING_VERSION = 1.0;
				PRODUCT_BUNDLE_IDENTIFIER = foranewlife.GitHubFollowersTests;
				PRODUCT_NAME = "$(TARGET_NAME)";
				SWIFT_EMIT_LOC_STRINGS = NO;
				SWIFT_VERSION = 5.0;
				TARGETED_DEVICE_FAMILY = "1,2";
				TEST_HOST = "$(BUILT_PRODUCTS_DIR)/GitHubFollowers.app/$(BUNDLE_EXECUTABLE_FOLDER_PATH)/GitHubFollowers";
			};
			name = Release;
		};
		63DBC97C2B9605EC002D97C4 /* Debug */ = {
			isa = XCBuildConfiguration;
			buildSettings = {
				ALWAYS_EMBED_SWIFT_STANDARD_LIBRARIES = YES;
				CODE_SIGN_STYLE = Automatic;
				CURRENT_PROJECT_VERSION = 1;
				DEVELOPMENT_TEAM = B34M97ZY6W;
				GENERATE_INFOPLIST_FILE = YES;
				MARKETING_VERSION = 1.0;
				PRODUCT_BUNDLE_IDENTIFIER = foranewlife.GitHubFollowersUITests;
				PRODUCT_NAME = "$(TARGET_NAME)";
				SWIFT_EMIT_LOC_STRINGS = NO;
				SWIFT_VERSION = 5.0;
				TARGETED_DEVICE_FAMILY = "1,2";
				TEST_TARGET_NAME = GitHubFollowers;
			};
			name = Debug;
		};
		63DBC97D2B9605EC002D97C4 /* Release */ = {
			isa = XCBuildConfiguration;
			buildSettings = {
				ALWAYS_EMBED_SWIFT_STANDARD_LIBRARIES = YES;
				CODE_SIGN_STYLE = Automatic;
				CURRENT_PROJECT_VERSION = 1;
				DEVELOPMENT_TEAM = B34M97ZY6W;
				GENERATE_INFOPLIST_FILE = YES;
				MARKETING_VERSION = 1.0;
				PRODUCT_BUNDLE_IDENTIFIER = foranewlife.GitHubFollowersUITests;
				PRODUCT_NAME = "$(TARGET_NAME)";
				SWIFT_EMIT_LOC_STRINGS = NO;
				SWIFT_VERSION = 5.0;
				TARGETED_DEVICE_FAMILY = "1,2";
				TEST_TARGET_NAME = GitHubFollowers;
			};
			name = Release;
		};
/* End XCBuildConfiguration section */

/* Begin XCConfigurationList section */
		63DBC9462B9605EA002D97C4 /* Build configuration list for PBXProject "GitHubFollowers" */ = {
			isa = XCConfigurationList;
			buildConfigurations = (
				63DBC9732B9605EC002D97C4 /* Debug */,
				63DBC9742B9605EC002D97C4 /* Release */,
			);
			defaultConfigurationIsVisible = 0;
			defaultConfigurationName = Release;
		};
		63DBC9752B9605EC002D97C4 /* Build configuration list for PBXNativeTarget "GitHubFollowers" */ = {
			isa = XCConfigurationList;
			buildConfigurations = (
				63DBC9762B9605EC002D97C4 /* Debug */,
				63DBC9772B9605EC002D97C4 /* Release */,
			);
			defaultConfigurationIsVisible = 0;
			defaultConfigurationName = Release;
		};
		63DBC9782B9605EC002D97C4 /* Build configuration list for PBXNativeTarget "GitHubFollowersTests" */ = {
			isa = XCConfigurationList;
			buildConfigurations = (
				63DBC9792B9605EC002D97C4 /* Debug */,
				63DBC97A2B9605EC002D97C4 /* Release */,
			);
			defaultConfigurationIsVisible = 0;
			defaultConfigurationName = Release;
		};
		63DBC97B2B9605EC002D97C4 /* Build configuration list for PBXNativeTarget "GitHubFollowersUITests" */ = {
			isa = XCConfigurationList;
			buildConfigurations = (
				63DBC97C2B9605EC002D97C4 /* Debug */,
				63DBC97D2B9605EC002D97C4 /* Release */,
			);
			defaultConfigurationIsVisible = 0;
			defaultConfigurationName = Release;
		};
/* End XCConfigurationList section */
	};
	rootObject = 63DBC9432B9605EA002D97C4 /* Project object */;
}
